
Microsoft Visual Studio Solution File, Format Version 12.00
# Visual Studio Version 17
VisualStudioVersion = 17.3.32929.385
MinimumVisualStudioVersion = 10.0.40219.1
Project("{9A19103F-16F7-4668-BE54-9A1E7A4F7556}") = "FobumCinema", "FobumCinema.csproj", "{572BFFA7-3958-40DB-AFA8-C6657CC7CAB2}"
EndProject
Project("{2150E333-8FDC-42A3-9474-1A3956D46DE8}") = "NewFolder1", "NewFolder1", "{1C3A74BC-67BE-49C4-BB63-3142784F3B2E}"
EndProject
Project("{9A19103F-16F7-4668-BE54-9A1E7A4F7556}") = "FobumCinema.Tests", "..\FobumCinema.Tests\FobumCinema.Tests.csproj", "{C644116C-387B-40B3-9575-5D5117131A72}"
EndProject
Global
	GlobalSection(SolutionConfigurationPlatforms) = preSolution
		Debug|Any CPU = Debug|Any CPU
		Release|Any CPU = Release|Any CPU
	EndGlobalSection
	GlobalSection(ProjectConfigurationPlatforms) = postSolution
		{572BFFA7-3958-40DB-AFA8-C6657CC7CAB2}.Debug|Any CPU.ActiveCfg = Debug|Any CPU
		{572BFFA7-3958-40DB-AFA8-C6657CC7CAB2}.Debug|Any CPU.Build.0 = Debug|Any CPU
		{572BFFA7-3958-40DB-AFA8-C6657CC7CAB2}.Release|Any CPU.ActiveCfg = Release|Any CPU
		{572BFFA7-3958-40DB-AFA8-C6657CC7CAB2}.Release|Any CPU.Build.0 = Release|Any CPU
		{C644116C-387B-40B3-9575-5D5117131A72}.Debug|Any CPU.ActiveCfg = Debug|Any CPU
		{C644116C-387B-40B3-9575-5D5117131A72}.Debug|Any CPU.Build.0 = Debug|Any CPU
		{C644116C-387B-40B3-9575-5D5117131A72}.Release|Any CPU.ActiveCfg = Release|Any CPU
		{C644116C-387B-40B3-9575-5D5117131A72}.Release|Any CPU.Build.0 = Release|Any CPU
	EndGlobalSection
	GlobalSection(SolutionProperties) = preSolution
		HideSolutionNode = FALSE
	EndGlobalSection
	GlobalSection(ExtensibilityGlobals) = postSolution
		SolutionGuid = {E8C2C225-7374-441A-9E39-FA0A49E4A801}
	EndGlobalSection
EndGlobal
